Microsoft Visual Studio Solution File, Format Version 11.00
# Visual Studio 2008

Project("{5FAD70B2-8FC6-AC58-75B1-9FBDC20ACA2D}") = "AntonyCleo_Storyboard", "Assembly-CSharp.csproj", "{BFF71479-690F-2FAB-8D49-8AC27D371116}"
EndProject
Global
	GlobalSection(SolutionConfigurationPlatforms) = preSolution
		Debug|Any CPU = Debug|Any CPU
		Release|Any CPU = Release|Any CPU
	EndGlobalSection
	GlobalSection(ProjectConfigurationPlatforms) = postSolution
		{BFF71479-690F-2FAB-8D49-8AC27D371116}.Debug|Any CPU.ActiveCfg = Debug|Any CPU
		{BFF71479-690F-2FAB-8D49-8AC27D371116}.Debug|Any CPU.Build.0 = Debug|Any CPU
		{BFF71479-690F-2FAB-8D49-8AC27D371116}.Release|Any CPU.ActiveCfg = Release|Any CPU
		{BFF71479-690F-2FAB-8D49-8AC27D371116}.Release|Any CPU.Build.0 = Release|Any CPU
	EndGlobalSection
	GlobalSection(SolutionProperties) = preSolution
		HideSolutionNode = FALSE
	EndGlobalSection
						GlobalSection(MonoDevelopProperties) = preSolution
		StartupItem = Assembly-CSharp.csproj
	EndGlobalSection

EndGlobal
